// !$*UTF8*$!
{
	archiveVersion = 1;
	classes = {
	};
	objectVersion = 52;
	objects = {

/* Begin PBXBuildFile section */
		443AA87423741DD400DD7E91 /* Alamofire in Frameworks */ = {isa = PBXBuildFile; productRef = 443AA87323741DD400DD7E91 /* Alamofire */; };
		446B25A223976DDB00027428 /* ActivityIndicator.swift in Sources */ = {isa = PBXBuildFile; fileRef = 446B25A123976DDB00027428 /* ActivityIndicator.swift */; };
		44E5561C22D15E670000B95D /* AppDelegate.swift in Sources */ = {isa = PBXBuildFile; fileRef = 44E5561B22D15E670000B95D /* AppDelegate.swift */; };
		44E5561E22D15E670000B95D /* SceneDelegate.swift in Sources */ = {isa = PBXBuildFile; fileRef = 44E5561D22D15E670000B95D /* SceneDelegate.swift */; };
		44E5562022D15E670000B95D /* ContentView.swift in Sources */ = {isa = PBXBuildFile; fileRef = 44E5561F22D15E670000B95D /* ContentView.swift */; };
		44E5562222D15E690000B95D /* Assets.xcassets in Resources */ = {isa = PBXBuildFile; fileRef = 44E5562122D15E690000B95D /* Assets.xcassets */; };
		44E5562522D15E690000B95D /* Preview Assets.xcassets in Resources */ = {isa = PBXBuildFile; fileRef = 44E5562422D15E690000B95D /* Preview Assets.xcassets */; };
		44E5562822D15E690000B95D /* LaunchScreen.storyboard in Resources */ = {isa = PBXBuildFile; fileRef = 44E5562622D15E690000B95D /* LaunchScreen.storyboard */; };
		44E5563122D15F3F0000B95D /* Movie.swift in Sources */ = {isa = PBXBuildFile; fileRef = 44E5563022D15F3F0000B95D /* Movie.swift */; };
		44E5563322D1602C0000B95D /* MovieList.swift in Sources */ = {isa = PBXBuildFile; fileRef = 44E5563222D1602C0000B95D /* MovieList.swift */; };
		44E5563522D1605D0000B95D /* MovieViewModel.swift in Sources */ = {isa = PBXBuildFile; fileRef = 44E5563422D1605D0000B95D /* MovieViewModel.swift */; };
		44E5563722D164D80000B95D /* MovieRow.swift in Sources */ = {isa = PBXBuildFile; fileRef = 44E5563622D164D80000B95D /* MovieRow.swift */; };
		44E5563A22D171B90000B95D /* URLImage in Frameworks */ = {isa = PBXBuildFile; productRef = 44E5563922D171B90000B95D /* URLImage */; };
		44E5563C22D179BA0000B95D /* MovieDetails.swift in Sources */ = {isa = PBXBuildFile; fileRef = 44E5563B22D179BA0000B95D /* MovieDetails.swift */; };
		44E9150A23937980007604E5 /* .gitignore in Resources */ = {isa = PBXBuildFile; fileRef = 44E9150923937980007604E5 /* .gitignore */; };
		44E9150C23937AE8007604E5 /* APIService.swift in Sources */ = {isa = PBXBuildFile; fileRef = 44E9150B23937AE8007604E5 /* APIService.swift */; };
		44E9154623939417007604E5 /* MockMovie.swift in Sources */ = {isa = PBXBuildFile; fileRef = 44E9154523939417007604E5 /* MockMovie.swift */; };
		44E9154923939440007604E5 /* MovieTests.swift in Sources */ = {isa = PBXBuildFile; fileRef = 44E9154823939440007604E5 /* MovieTests.swift */; };
		44E9154A2393947E007604E5 /* Movie.swift in Sources */ = {isa = PBXBuildFile; fileRef = 44E5563022D15F3F0000B95D /* Movie.swift */; };
		44E9154C239396C1007604E5 /* MovieListTests.swift in Sources */ = {isa = PBXBuildFile; fileRef = 44E9154B239396C1007604E5 /* MovieListTests.swift */; };
		44E9154D239396DF007604E5 /* MovieList.swift in Sources */ = {isa = PBXBuildFile; fileRef = 44E5563222D1602C0000B95D /* MovieList.swift */; };
		44E9155023939997007604E5 /* MockService.swift in Sources */ = {isa = PBXBuildFile; fileRef = 44E9154F23939997007604E5 /* MockService.swift */; };
		44E91552239399BC007604E5 /* ServiceProtocol.swift in Sources */ = {isa = PBXBuildFile; fileRef = 44E91551239399BC007604E5 /* ServiceProtocol.swift */; };
		44E91553239399CD007604E5 /* ServiceProtocol.swift in Sources */ = {isa = PBXBuildFile; fileRef = 44E91551239399BC007604E5 /* ServiceProtocol.swift */; };
		44E9155523939B33007604E5 /* MovieViewModelTests.swift in Sources */ = {isa = PBXBuildFile; fileRef = 44E9155423939B33007604E5 /* MovieViewModelTests.swift */; };
		44E9155623939B90007604E5 /* MovieViewModel.swift in Sources */ = {isa = PBXBuildFile; fileRef = 44E5563422D1605D0000B95D /* MovieViewModel.swift */; };
		44E9155723939C4E007604E5 /* APIService.swift in Sources */ = {isa = PBXBuildFile; fileRef = 44E9150B23937AE8007604E5 /* APIService.swift */; };
/* End PBXBuildFile section */

/* Begin PBXContainerItemProxy section */
		44E91540239393F9007604E5 /* PBXContainerItemProxy */ = {
			isa = PBXContainerItemProxy;
			containerPortal = 44E5561022D15E670000B95D /* Project object */;
			proxyType = 1;
			remoteGlobalIDString = 44E5561722D15E670000B95D;
			remoteInfo = Swiftui_movie;
		};
/* End PBXContainerItemProxy section */

/* Begin PBXFileReference section */
		446B25A123976DDB00027428 /* ActivityIndicator.swift */ = {isa = PBXFileReference; lastKnownFileType = sourcecode.swift; path = ActivityIndicator.swift; sourceTree = "<group>"; };
		44E5561822D15E670000B95D /* Swiftui_movie.app */ = {isa = PBXFileReference; explicitFileType = wrapper.application; includeInIndex = 0; path = Swiftui_movie.app; sourceTree = BUILT_PRODUCTS_DIR; };
		44E5561B22D15E670000B95D /* AppDelegate.swift */ = {isa = PBXFileReference; lastKnownFileType = sourcecode.swift; path = AppDelegate.swift; sourceTree = "<group>"; };
		44E5561D22D15E670000B95D /* SceneDelegate.swift */ = {isa = PBXFileReference; lastKnownFileType = sourcecode.swift; path = SceneDelegate.swift; sourceTree = "<group>"; };
		44E5561F22D15E670000B95D /* ContentView.swift */ = {isa = PBXFileReference; lastKnownFileType = sourcecode.swift; path = ContentView.swift; sourceTree = "<group>"; };
		44E5562122D15E690000B95D /* Assets.xcassets */ = {isa = PBXFileReference; lastKnownFileType = folder.assetcatalog; path = Assets.xcassets; sourceTree = "<group>"; };
		44E5562422D15E690000B95D /* Preview Assets.xcassets */ = {isa = PBXFileReference; lastKnownFileType = folder.assetcatalog; path = "Preview Assets.xcassets"; sourceTree = "<group>"; };
		44E5562722D15E690000B95D /* Base */ = {isa = PBXFileReference; lastKnownFileType = file.storyboard; name = Base; path = Base.lproj/LaunchScreen.storyboard; sourceTree = "<group>"; };
		44E5562922D15E690000B95D /* Info.plist */ = {isa = PBXFileReference; lastKnownFileType = text.plist.xml; path = Info.plist; sourceTree = "<group>"; };
		44E5563022D15F3F0000B95D /* Movie.swift */ = {isa = PBXFileReference; lastKnownFileType = sourcecode.swift; path = Movie.swift; sourceTree = "<group>"; };
		44E5563222D1602C0000B95D /* MovieList.swift */ = {isa = PBXFileReference; lastKnownFileType = sourcecode.swift; path = MovieList.swift; sourceTree = "<group>"; };
		44E5563422D1605D0000B95D /* MovieViewModel.swift */ = {isa = PBXFileReference; lastKnownFileType = sourcecode.swift; path = MovieViewModel.swift; sourceTree = "<group>"; };
		44E5563622D164D80000B95D /* MovieRow.swift */ = {isa = PBXFileReference; lastKnownFileType = sourcecode.swift; path = MovieRow.swift; sourceTree = "<group>"; };
		44E5563B22D179BA0000B95D /* MovieDetails.swift */ = {isa = PBXFileReference; lastKnownFileType = sourcecode.swift; path = MovieDetails.swift; sourceTree = "<group>"; };
		44E9150923937980007604E5 /* .gitignore */ = {isa = PBXFileReference; lastKnownFileType = text; path = .gitignore; sourceTree = "<group>"; };
		44E9150B23937AE8007604E5 /* APIService.swift */ = {isa = PBXFileReference; lastKnownFileType = sourcecode.swift; path = APIService.swift; sourceTree = "<group>"; };
		44E9153B239393F9007604E5 /* Swiftui_movieTests.xctest */ = {isa = PBXFileReference; explicitFileType = wrapper.cfbundle; includeInIndex = 0; path = Swiftui_movieTests.xctest; sourceTree = BUILT_PRODUCTS_DIR; };
		44E9153F239393F9007604E5 /* Info.plist */ = {isa = PBXFileReference; lastKnownFileType = text.plist.xml; path = Info.plist; sourceTree = "<group>"; };
		44E9154523939417007604E5 /* MockMovie.swift */ = {isa = PBXFileReference; lastKnownFileType = sourcecode.swift; path = MockMovie.swift; sourceTree = "<group>"; };
		44E9154823939440007604E5 /* MovieTests.swift */ = {isa = PBXFileReference; lastKnownFileType = sourcecode.swift; path = MovieTests.swift; sourceTree = "<group>"; };
		44E9154B239396C1007604E5 /* MovieListTests.swift */ = {isa = PBXFileReference; lastKnownFileType = sourcecode.swift; path = MovieListTests.swift; sourceTree = "<group>"; };
		44E9154F23939997007604E5 /* MockService.swift */ = {isa = PBXFileReference; lastKnownFileType = sourcecode.swift; path = MockService.swift; sourceTree = "<group>"; };
		44E91551239399BC007604E5 /* ServiceProtocol.swift */ = {isa = PBXFileReference; lastKnownFileType = sourcecode.swift; path = ServiceProtocol.swift; sourceTree = "<group>"; };
		44E9155423939B33007604E5 /* MovieViewModelTests.swift */ = {isa = PBXFileReference; lastKnownFileType = sourcecode.swift; path = MovieViewModelTests.swift; sourceTree = "<group>"; };
/* End PBXFileReference section */

/* Begin PBXFrameworksBuildPhase section */
		44E5561522D15E670000B95D /* Frameworks */ = {
			isa = PBXFrameworksBuildPhase;
			buildActionMask = 2147483647;
			files = (
				44E5563A22D171B90000B95D /* URLImage in Frameworks */,
				443AA87423741DD400DD7E91 /* Alamofire in Frameworks */,
			);
			runOnlyForDeploymentPostprocessing = 0;
		};
		44E91538239393F9007604E5 /* Frameworks */ = {
			isa = PBXFrameworksBuildPhase;
			buildActionMask = 2147483647;
			files = (
			);
			runOnlyForDeploymentPostprocessing = 0;
		};
/* End PBXFrameworksBuildPhase section */

/* Begin PBXGroup section */
		4490CD2523775AC100E9BC83 /* ViewModel */ = {
			isa = PBXGroup;
			children = (
				44E5563422D1605D0000B95D /* MovieViewModel.swift */,
				44E9150B23937AE8007604E5 /* APIService.swift */,
				44E91551239399BC007604E5 /* ServiceProtocol.swift */,
			);
			path = ViewModel;
			sourceTree = "<group>";
		};
		4490CD2623775AD200E9BC83 /* Views */ = {
			isa = PBXGroup;
			children = (
				44E5561F22D15E670000B95D /* ContentView.swift */,
				44E5563B22D179BA0000B95D /* MovieDetails.swift */,
				44E5563622D164D80000B95D /* MovieRow.swift */,
				446B25A123976DDB00027428 /* ActivityIndicator.swift */,
			);
			path = Views;
			sourceTree = "<group>";
		};
		44E5560F22D15E670000B95D = {
			isa = PBXGroup;
			children = (
				44E5561A22D15E670000B95D /* Swiftui_movie */,
				44E9153C239393F9007604E5 /* Swiftui_movieTests */,
				44E5561922D15E670000B95D /* Products */,
			);
			sourceTree = "<group>";
		};
		44E5561922D15E670000B95D /* Products */ = {
			isa = PBXGroup;
			children = (
				44E5561822D15E670000B95D /* Swiftui_movie.app */,
				44E9153B239393F9007604E5 /* Swiftui_movieTests.xctest */,
			);
			name = Products;
			sourceTree = "<group>";
		};
		44E5561A22D15E670000B95D /* Swiftui_movie */ = {
			isa = PBXGroup;
			children = (
				4490CD2623775AD200E9BC83 /* Views */,
				4490CD2523775AC100E9BC83 /* ViewModel */,
				44E5562F22D15E920000B95D /* Model */,
				44E5561B22D15E670000B95D /* AppDelegate.swift */,
				44E5561D22D15E670000B95D /* SceneDelegate.swift */,
				44E5562122D15E690000B95D /* Assets.xcassets */,
				44E5562622D15E690000B95D /* LaunchScreen.storyboard */,
				44E5562922D15E690000B95D /* Info.plist */,
				44E5562322D15E690000B95D /* Preview Content */,
				44E9150923937980007604E5 /* .gitignore */,
			);
			path = Swiftui_movie;
			sourceTree = "<group>";
		};
		44E5562322D15E690000B95D /* Preview Content */ = {
			isa = PBXGroup;
			children = (
				44E5562422D15E690000B95D /* Preview Assets.xcassets */,
			);
			path = "Preview Content";
			sourceTree = "<group>";
		};
		44E5562F22D15E920000B95D /* Model */ = {
			isa = PBXGroup;
			children = (
				44E5563022D15F3F0000B95D /* Movie.swift */,
				44E5563222D1602C0000B95D /* MovieList.swift */,
			);
			path = Model;
			sourceTree = "<group>";
		};
		44E9153C239393F9007604E5 /* Swiftui_movieTests */ = {
			isa = PBXGroup;
			children = (
				44E9154E23939982007604E5 /* ViewModel */,
				44E9154723939430007604E5 /* Model */,
				44E9153F239393F9007604E5 /* Info.plist */,
				44E9154523939417007604E5 /* MockMovie.swift */,
			);
			path = Swiftui_movieTests;
			sourceTree = "<group>";
		};
		44E9154723939430007604E5 /* Model */ = {
			isa = PBXGroup;
			children = (
				44E9154823939440007604E5 /* MovieTests.swift */,
				44E9154B239396C1007604E5 /* MovieListTests.swift */,
			);
			path = Model;
			sourceTree = "<group>";
		};
		44E9154E23939982007604E5 /* ViewModel */ = {
			isa = PBXGroup;
			children = (
				44E9154F23939997007604E5 /* MockService.swift */,
				44E9155423939B33007604E5 /* MovieViewModelTests.swift */,
			);
			path = ViewModel;
			sourceTree = "<group>";
		};
/* End PBXGroup section */

/* Begin PBXNativeTarget section */
		44E5561722D15E670000B95D /* Swiftui_movie */ = {
			isa = PBXNativeTarget;
			buildConfigurationList = 44E5562C22D15E690000B95D /* Build configuration list for PBXNativeTarget "Swiftui_movie" */;
			buildPhases = (
				44E5561422D15E670000B95D /* Sources */,
				44E5561522D15E670000B95D /* Frameworks */,
				44E5561622D15E670000B95D /* Resources */,
			);
			buildRules = (
			);
			dependencies = (
			);
			name = Swiftui_movie;
			packageProductDependencies = (
				44E5563922D171B90000B95D /* URLImage */,
				443AA87323741DD400DD7E91 /* Alamofire */,
			);
			productName = Swiftui_movie;
			productReference = 44E5561822D15E670000B95D /* Swiftui_movie.app */;
			productType = "com.apple.product-type.application";
		};
		44E9153A239393F9007604E5 /* Swiftui_movieTests */ = {
			isa = PBXNativeTarget;
			buildConfigurationList = 44E91542239393F9007604E5 /* Build configuration list for PBXNativeTarget "Swiftui_movieTests" */;
			buildPhases = (
				44E91537239393F9007604E5 /* Sources */,
				44E91538239393F9007604E5 /* Frameworks */,
				44E91539239393F9007604E5 /* Resources */,
			);
			buildRules = (
			);
			dependencies = (
				44E91541239393F9007604E5 /* PBXTargetDependency */,
			);
			name = Swiftui_movieTests;
			productName = Swiftui_movieTests;
			productReference = 44E9153B239393F9007604E5 /* Swiftui_movieTests.xctest */;
			productType = "com.apple.product-type.bundle.unit-test";
		};
/* End PBXNativeTarget section */

/* Begin PBXProject section */
		44E5561022D15E670000B95D /* Project object */ = {
			isa = PBXProject;
			attributes = {
				LastSwiftUpdateCheck = 1130;
				LastUpgradeCheck = 1100;
				ORGANIZATIONNAME = "Liem Vo";
				TargetAttributes = {
					44E5561722D15E670000B95D = {
						CreatedOnToolsVersion = 11.0;
					};
					44E9153A239393F9007604E5 = {
						CreatedOnToolsVersion = 11.3;
						TestTargetID = 44E5561722D15E670000B95D;
					};
				};
			};
			buildConfigurationList = 44E5561322D15E670000B95D /* Build configuration list for PBXProject "Swiftui_movie" */;
			compatibilityVersion = "Xcode 9.3";
			developmentRegion = en;
			hasScannedForEncodings = 0;
			knownRegions = (
				en,
				Base,
			);
			mainGroup = 44E5560F22D15E670000B95D;
			packageReferences = (
				44E5563822D171B90000B95D /* XCRemoteSwiftPackageReference "url-image" */,
				443AA87223741DD400DD7E91 /* XCRemoteSwiftPackageReference "Alamofire" */,
			);
			productRefGroup = 44E5561922D15E670000B95D /* Products */;
			projectDirPath = "";
			projectRoot = "";
			targets = (
				44E5561722D15E670000B95D /* Swiftui_movie */,
				44E9153A239393F9007604E5 /* Swiftui_movieTests */,
			);
		};
/* End PBXProject section */

/* Begin PBXResourcesBuildPhase section */
		44E5561622D15E670000B95D /* Resources */ = {
			isa = PBXResourcesBuildPhase;
			buildActionMask = 2147483647;
			files = (
				44E9150A23937980007604E5 /* .gitignore in Resources */,
				44E5562822D15E690000B95D /* LaunchScreen.storyboard in Resources */,
				44E5562522D15E690000B95D /* Preview Assets.xcassets in Resources */,
				44E5562222D15E690000B95D /* Assets.xcassets in Resources */,
			);
			runOnlyForDeploymentPostprocessing = 0;
		};
		44E91539239393F9007604E5 /* Resources */ = {
			isa = PBXResourcesBuildPhase;
			buildActionMask = 2147483647;
			files = (
			);
			runOnlyForDeploymentPostprocessing = 0;
		};
/* End PBXResourcesBuildPhase section */

/* Begin PBXSourcesBuildPhase section */
		44E5561422D15E670000B95D /* Sources */ = {
			isa = PBXSourcesBuildPhase;
			buildActionMask = 2147483647;
			files = (
				44E5563522D1605D0000B95D /* MovieViewModel.swift in Sources */,
				44E5561C22D15E670000B95D /* AppDelegate.swift in Sources */,
				44E5561E22D15E670000B95D /* SceneDelegate.swift in Sources */,
				44E5563C22D179BA0000B95D /* MovieDetails.swift in Sources */,
				44E5563122D15F3F0000B95D /* Movie.swift in Sources */,
				446B25A223976DDB00027428 /* ActivityIndicator.swift in Sources */,
				44E9150C23937AE8007604E5 /* APIService.swift in Sources */,
				44E5563722D164D80000B95D /* MovieRow.swift in Sources */,
				44E5563322D1602C0000B95D /* MovieList.swift in Sources */,
				44E5562022D15E670000B95D /* ContentView.swift in Sources */,
				44E91552239399BC007604E5 /* ServiceProtocol.swift in Sources */,
			);
			runOnlyForDeploymentPostprocessing = 0;
		};
		44E91537239393F9007604E5 /* Sources */ = {
			isa = PBXSourcesBuildPhase;
			buildActionMask = 2147483647;
			files = (
				44E9154623939417007604E5 /* MockMovie.swift in Sources */,
				44E9154923939440007604E5 /* MovieTests.swift in Sources */,
				44E9154C239396C1007604E5 /* MovieListTests.swift in Sources */,
				44E9155523939B33007604E5 /* MovieViewModelTests.swift in Sources */,
				44E9154D239396DF007604E5 /* MovieList.swift in Sources */,
				44E9155623939B90007604E5 /* MovieViewModel.swift in Sources */,
				44E9155723939C4E007604E5 /* APIService.swift in Sources */,
				44E9154A2393947E007604E5 /* Movie.swift in Sources */,
				44E91553239399CD007604E5 /* ServiceProtocol.swift in Sources */,
				44E9155023939997007604E5 /* MockService.swift in Sources */,
			);
			runOnlyForDeploymentPostprocessing = 0;
		};
/* End PBXSourcesBuildPhase section */

/* Begin PBXTargetDependency section */
		44E91541239393F9007604E5 /* PBXTargetDependency */ = {
			isa = PBXTargetDependency;
			target = 44E5561722D15E670000B95D /* Swiftui_movie */;
			targetProxy = 44E91540239393F9007604E5 /* PBXContainerItemProxy */;
		};
/* End PBXTargetDependency section */

/* Begin PBXVariantGroup section */
		44E5562622D15E690000B95D /* LaunchScreen.storyboard */ = {
			isa = PBXVariantGroup;
			children = (
				44E5562722D15E690000B95D /* Base */,
			);
			name = LaunchScreen.storyboard;
			sourceTree = "<group>";
		};
/* End PBXVariantGroup section */

/* Begin XCBuildConfiguration section */
		44E5562A22D15E690000B95D /* Debug */ = {
			isa = XCBuildConfiguration;
			buildSettings = {
				ALWAYS_SEARCH_USER_PATHS = NO;
				CLANG_ANALYZER_NONNULL = YES;
				CLANG_ANALYZER_NUMBER_OBJECT_CONVERSION = YES_AGGRESSIVE;
				CLANG_CXX_LANGUAGE_STANDARD = "gnu++14";
				CLANG_CXX_LIBRARY = "libc++";
				CLANG_ENABLE_MODULES = YES;
				CLANG_ENABLE_OBJC_ARC = YES;
				CLANG_ENABLE_OBJC_WEAK = YES;
				CLANG_WARN_BLOCK_CAPTURE_AUTORELEASING = YES;
				CLANG_WARN_BOOL_CONVERSION = YES;
				CLANG_WARN_COMMA = YES;
				CLANG_WARN_CONSTANT_CONVERSION = YES;
				CLANG_WARN_DEPRECATED_OBJC_IMPLEMENTATIONS = YES;
				CLANG_WARN_DIRECT_OBJC_ISA_USAGE = YES_ERROR;
				CLANG_WARN_DOCUMENTATION_COMMENTS = YES;
				CLANG_WARN_EMPTY_BODY = YES;
				CLANG_WARN_ENUM_CONVERSION = YES;
				CLANG_WARN_INFINITE_RECURSION = YES;
				CLANG_WARN_INT_CONVERSION = YES;
				CLANG_WARN_NON_LITERAL_NULL_CONVERSION = YES;
				CLANG_WARN_OBJC_IMPLICIT_RETAIN_SELF = YES;
				CLANG_WARN_OBJC_LITERAL_CONVERSION = YES;
				CLANG_WARN_OBJC_ROOT_CLASS = YES_ERROR;
				CLANG_WARN_RANGE_LOOP_ANALYSIS = YES;
				CLANG_WARN_STRICT_PROTOTYPES = YES;
				CLANG_WARN_SUSPICIOUS_MOVE = YES;
				CLANG_WARN_UNGUARDED_AVAILABILITY = YES_AGGRESSIVE;
				CLANG_WARN_UNREACHABLE_CODE = YES;
				CLANG_WARN__DUPLICATE_METHOD_MATCH = YES;
				COPY_PHASE_STRIP = NO;
				DEBUG_INFORMATION_FORMAT = dwarf;
				ENABLE_STRICT_OBJC_MSGSEND = YES;
				ENABLE_TESTABILITY = YES;
				GCC_C_LANGUAGE_STANDARD = gnu11;
				GCC_DYNAMIC_NO_PIC = NO;
				GCC_NO_COMMON_BLOCKS = YES;
				GCC_OPTIMIZATION_LEVEL = 0;
				GCC_PREPROCESSOR_DEFINITIONS = (
					"DEBUG=1",
					"$(inherited)",
				);
				GCC_WARN_64_TO_32_BIT_CONVERSION = YES;
				GCC_WARN_ABOUT_RETURN_TYPE = YES_ERROR;
				GCC_WARN_UNDECLARED_SELECTOR = YES;
				GCC_WARN_UNINITIALIZED_AUTOS = YES_AGGRESSIVE;
				GCC_WARN_UNUSED_FUNCTION = YES;
				GCC_WARN_UNUSED_VARIABLE = YES;
				IPHONEOS_DEPLOYMENT_TARGET = 13.0;
				MTL_ENABLE_DEBUG_INFO = INCLUDE_SOURCE;
				MTL_FAST_MATH = YES;
				ONLY_ACTIVE_ARCH = YES;
				SDKROOT = iphoneos;
				SWIFT_ACTIVE_COMPILATION_CONDITIONS = DEBUG;
				SWIFT_OPTIMIZATION_LEVEL = "-Onone";
			};
			name = Debug;
		};
		44E5562B22D15E690000B95D /* Release */ = {
			isa = XCBuildConfiguration;
			buildSettings = {
				ALWAYS_SEARCH_USER_PATHS = NO;
				CLANG_ANALYZER_NONNULL = YES;
				CLANG_ANALYZER_NUMBER_OBJECT_CONVERSION = YES_AGGRESSIVE;
				CLANG_CXX_LANGUAGE_STANDARD = "gnu++14";
				CLANG_CXX_LIBRARY = "libc++";
				CLANG_ENABLE_MODULES = YES;
				CLANG_ENABLE_OBJC_ARC = YES;
				CLANG_ENABLE_OBJC_WEAK = YES;
				CLANG_WARN_BLOCK_CAPTURE_AUTORELEASING = YES;
				CLANG_WARN_BOOL_CONVERSION = YES;
				CLANG_WARN_COMMA = YES;
				CLANG_WARN_CONSTANT_CONVERSION = YES;
				CLANG_WARN_DEPRECATED_OBJC_IMPLEMENTATIONS = YES;
				CLANG_WARN_DIRECT_OBJC_ISA_USAGE = YES_ERROR;
				CLANG_WARN_DOCUMENTATION_COMMENTS = YES;
				CLANG_WARN_EMPTY_BODY = YES;
				CLANG_WARN_ENUM_CONVERSION = YES;
				CLANG_WARN_INFINITE_RECURSION = YES;
				CLANG_WARN_INT_CONVERSION = YES;
				CLANG_WARN_NON_LITERAL_NULL_CONVERSION = YES;
				CLANG_WARN_OBJC_IMPLICIT_RETAIN_SELF = YES;
				CLANG_WARN_OBJC_LITERAL_CONVERSION = YES;
				CLANG_WARN_OBJC_ROOT_CLASS = YES_ERROR;
				CLANG_WARN_RANGE_LOOP_ANALYSIS = YES;
				CLANG_WARN_STRICT_PROTOTYPES = YES;
				CLANG_WARN_SUSPICIOUS_MOVE = YES;
				CLANG_WARN_UNGUARDED_AVAILABILITY = YES_AGGRESSIVE;
				CLANG_WARN_UNREACHABLE_CODE = YES;
				CLANG_WARN__DUPLICATE_METHOD_MATCH = YES;
				COPY_PHASE_STRIP = NO;
				DEBUG_INFORMATION_FORMAT = "dwarf-with-dsym";
				ENABLE_NS_ASSERTIONS = NO;
				ENABLE_STRICT_OBJC_MSGSEND = YES;
				GCC_C_LANGUAGE_STANDARD = gnu11;
				GCC_NO_COMMON_BLOCKS = YES;
				GCC_WARN_64_TO_32_BIT_CONVERSION = YES;
				GCC_WARN_ABOUT_RETURN_TYPE = YES_ERROR;
				GCC_WARN_UNDECLARED_SELECTOR = YES;
				GCC_WARN_UNINITIALIZED_AUTOS = YES_AGGRESSIVE;
				GCC_WARN_UNUSED_FUNCTION = YES;
				GCC_WARN_UNUSED_VARIABLE = YES;
				IPHONEOS_DEPLOYMENT_TARGET = 13.0;
				MTL_ENABLE_DEBUG_INFO = NO;
				MTL_FAST_MATH = YES;
				SDKROOT = iphoneos;
				SWIFT_COMPILATION_MODE = wholemodule;
				SWIFT_OPTIMIZATION_LEVEL = "-O";
				VALIDATE_PRODUCT = YES;
			};
			name = Release;
		};
		44E5562D22D15E690000B95D /* Debug */ = {
			isa = XCBuildConfiguration;
			buildSettings = {
				ASSETCATALOG_COMPILER_APPICON_NAME = AppIcon;
				CODE_SIGN_STYLE = Automatic;
				DEVELOPMENT_ASSET_PATHS = "Swiftui_movie/Preview\\ Content";
				DEVELOPMENT_TEAM = X3FGZM4HB9;
				ENABLE_PREVIEWS = YES;
				INFOPLIST_FILE = Swiftui_movie/Info.plist;
				LD_RUNPATH_SEARCH_PATHS = (
					"$(inherited)",
					"@executable_path/Frameworks",
				);
				PRODUCT_BUNDLE_IDENTIFIER = "com.vad.Swiftui-movie";
				PRODUCT_NAME = "$(TARGET_NAME)";
				SWIFT_VERSION = 5.0;
				TARGETED_DEVICE_FAMILY = "1,2";
			};
			name = Debug;
		};
		44E5562E22D15E690000B95D /* Release */ = {
			isa = XCBuildConfiguration;
			buildSettings = {
				ASSETCATALOG_COMPILER_APPICON_NAME = AppIcon;
				CODE_SIGN_STYLE = Automatic;
				DEVELOPMENT_ASSET_PATHS = "Swiftui_movie/Preview\\ Content";
				DEVELOPMENT_TEAM = X3FGZM4HB9;
				ENABLE_PREVIEWS = YES;
				INFOPLIST_FILE = Swiftui_movie/Info.plist;
				LD_RUNPATH_SEARCH_PATHS = (
					"$(inherited)",
					"@executable_path/Frameworks",
				);
				PRODUCT_BUNDLE_IDENTIFIER = "com.vad.Swiftui-movie";
				PRODUCT_NAME = "$(TARGET_NAME)";
				SWIFT_VERSION = 5.0;
				TARGETED_DEVICE_FAMILY = "1,2";
			};
			name = Release;
		};
		44E91543239393F9007604E5 /* Debug */ = {
			isa = XCBuildConfiguration;
			buildSettings = {
				BUNDLE_LOADER = "$(TEST_HOST)";
				CODE_SIGN_STYLE = Automatic;
				DEVELOPMENT_TEAM = X3FGZM4HB9;
				INFOPLIST_FILE = Swiftui_movieTests/Info.plist;
				IPHONEOS_DEPLOYMENT_TARGET = 13.2;
				LD_RUNPATH_SEARCH_PATHS = (
					"$(inherited)",
					"@executable_path/Frameworks",
					"@loader_path/Frameworks",
				);
				PRODUCT_BUNDLE_IDENTIFIER = "com.vad.Swiftui-movieTests";
				PRODUCT_NAME = "$(TARGET_NAME)";
				SWIFT_VERSION = 5.0;
				TARGETED_DEVICE_FAMILY = "1,2";
				TEST_HOST = "$(BUILT_PRODUCTS_DIR)/Swiftui_movie.app/Swiftui_movie";
			};
			name = Debug;
		};
		44E91544239393F9007604E5 /* Release */ = {
			isa = XCBuildConfiguration;
			buildSettings = {
				BUNDLE_LOADER = "$(TEST_HOST)";
				CODE_SIGN_STYLE = Automatic;
				DEVELOPMENT_TEAM = X3FGZM4HB9;
				INFOPLIST_FILE = Swiftui_movieTests/Info.plist;
				IPHONEOS_DEPLOYMENT_TARGET = 13.2;
				LD_RUNPATH_SEARCH_PATHS = (
					"$(inherited)",
					"@executable_path/Frameworks",
					"@loader_path/Frameworks",
				);
				PRODUCT_BUNDLE_IDENTIFIER = "com.vad.Swiftui-movieTests";
				PRODUCT_NAME = "$(TARGET_NAME)";
				SWIFT_VERSION = 5.0;
				TARGETED_DEVICE_FAMILY = "1,2";
				TEST_HOST = "$(BUILT_PRODUCTS_DIR)/Swiftui_movie.app/Swiftui_movie";
			};
			name = Release;
		};
/* End XCBuildConfiguration section */

/* Begin XCConfigurationList section */
		44E5561322D15E670000B95D /* Build configuration list for PBXProject "Swiftui_movie" */ = {
			isa = XCConfigurationList;
			buildConfigurations = (
				44E5562A22D15E690000B95D /* Debug */,
				44E5562B22D15E690000B95D /* Release */,
			);
			defaultConfigurationIsVisible = 0;
			defaultConfigurationName = Release;
		};
		44E5562C22D15E690000B95D /* Build configuration list for PBXNativeTarget "Swiftui_movie" */ = {
			isa = XCConfigurationList;
			buildConfigurations = (
				44E5562D22D15E690000B95D /* Debug */,
				44E5562E22D15E690000B95D /* Release */,
			);
			defaultConfigurationIsVisible = 0;
			defaultConfigurationName = Release;
		};
		44E91542239393F9007604E5 /* Build configuration list for PBXNativeTarget "Swiftui_movieTests" */ = {
			isa = XCConfigurationList;
			buildConfigurations = (
				44E91543239393F9007604E5 /* Debug */,
				44E91544239393F9007604E5 /* Release */,
			);
			defaultConfigurationIsVisible = 0;
			defaultConfigurationName = Release;
		};
/* End XCConfigurationList section */

/* Begin XCRemoteSwiftPackageReference section */
		443AA87223741DD400DD7E91 /* XCRemoteSwiftPackageReference "Alamofire" */ = {
			isa = XCRemoteSwiftPackageReference;
			repositoryURL = "https://github.com/Alamofire/Alamofire";
			requirement = {
				kind = upToNextMajorVersion;
				minimumVersion = 4.9.1;
			};
		};
		44E5563822D171B90000B95D /* XCRemoteSwiftPackageReference "url-image" */ = {
			isa = XCRemoteSwiftPackageReference;
			repositoryURL = "https://github.com/dmytro-anokhin/url-image";
			requirement = {
				kind = upToNextMajorVersion;
				minimumVersion = 0.3.6;
			};
		};
/* End XCRemoteSwiftPackageReference section */

/* Begin XCSwiftPackageProductDependency section */
		443AA87323741DD400DD7E91 /* Alamofire */ = {
			isa = XCSwiftPackageProductDependency;
			package = 443AA87223741DD400DD7E91 /* XCRemoteSwiftPackageReference "Alamofire" */;
			productName = Alamofire;
		};
		44E5563922D171B90000B95D /* URLImage */ = {
			isa = XCSwiftPackageProductDependency;
			package = 44E5563822D171B90000B95D /* XCRemoteSwiftPackageReference "url-image" */;
			productName = URLImage;
		};
/* End XCSwiftPackageProductDependency section */
	};
	rootObject = 44E5561022D15E670000B95D /* Project object */;
}
